{
  "pins" : [
    {
      "identity" : "alloy",
      "kind" : "remoteSourceControl",
      "location" : "https://github.com/s1ddok/Alloy.git",
      "state" : {
        "revision" : "d0d3172e946bfabaf01883d4f84cb804c5d43fd6",
        "version" : "0.18.2"
      }
    },
    {
      "identity" : "needle",
      "kind" : "remoteSourceControl",
      "location" : "https://github.com/uber/needle.git",
      "state" : {
        "revision" : "d3eaf696ad2e4c3e25618cfa3643402fdd237f7a",
        "version" : "0.22.0"
      }
    }
  ],
  "version" : 2
}
